// !$*UTF8*$!
{
	archiveVersion = 1;
	classes = {
	};
	objectVersion = 56;
	objects = {

/* Begin PBXBuildFile section */
		ED93B6F72952FEE300ECE422 /* AppDelegate.swift in Sources */ = {isa = PBXBuildFile; fileRef = ED93B6F62952FEE300ECE422 /* AppDelegate.swift */; };
		ED93B6F92952FEE300ECE422 /* SceneDelegate.swift in Sources */ = {isa = PBXBuildFile; fileRef = ED93B6F82952FEE300ECE422 /* SceneDelegate.swift */; };
		ED93B6FB2952FEE300ECE422 /* ViewController.swift in Sources */ = {isa = PBXBuildFile; fileRef = ED93B6FA2952FEE300ECE422 /* ViewController.swift */; };
		ED93B6FE2952FEE300ECE422 /* Main.storyboard in Resources */ = {isa = PBXBuildFile; fileRef = ED93B6FC2952FEE300ECE422 /* Main.storyboard */; };
		ED93B7012952FEE300ECE422 /* ProjektManager.xcdatamodeld in Sources */ = {isa = PBXBuildFile; fileRef = ED93B6FF2952FEE300ECE422 /* ProjektManager.xcdatamodeld */; };
		ED93B7032952FEE400ECE422 /* Assets.xcassets in Resources */ = {isa = PBXBuildFile; fileRef = ED93B7022952FEE400ECE422 /* Assets.xcassets */; };
		ED93B7062952FEE400ECE422 /* LaunchScreen.storyboard in Resources */ = {isa = PBXBuildFile; fileRef = ED93B7042952FEE400ECE422 /* LaunchScreen.storyboard */; };
/* End PBXBuildFile section */

/* Begin PBXFileReference section */
		ED93B6F32952FEE300ECE422 /* ProjektManager.app */ = {isa = PBXFileReference; explicitFileType = wrapper.application; includeInIndex = 0; path = ProjektManager.app; sourceTree = BUILT_PRODUCTS_DIR; };
		ED93B6F62952FEE300ECE422 /* AppDelegate.swift */ = {isa = PBXFileReference; lastKnownFileType = sourcecode.swift; path = AppDelegate.swift; sourceTree = "<group>"; };
		ED93B6F82952FEE300ECE422 /* SceneDelegate.swift */ = {isa = PBXFileReference; lastKnownFileType = sourcecode.swift; path = SceneDelegate.swift; sourceTree = "<group>"; };
		ED93B6FA2952FEE300ECE422 /* ViewController.swift */ = {isa = PBXFileReference; lastKnownFileType = sourcecode.swift; path = ViewController.swift; sourceTree = "<group>"; };
		ED93B6FD2952FEE300ECE422 /* Base */ = {isa = PBXFileReference; lastKnownFileType = file.storyboard; name = Base; path = Base.lproj/Main.storyboard; sourceTree = "<group>"; };
		ED93B7002952FEE300ECE422 /* ProjektManager.xcdatamodel */ = {isa = PBXFileReference; lastKnownFileType = wrapper.xcdatamodel; path = ProjektManager.xcdatamodel; sourceTree = "<group>"; };
		ED93B7022952FEE400ECE422 /* Assets.xcassets */ = {isa = PBXFileReference; lastKnownFileType = folder.assetcatalog; path = Assets.xcassets; sourceTree = "<group>"; };
		ED93B7052952FEE400ECE422 /* Base */ = {isa = PBXFileReference; lastKnownFileType = file.storyboard; name = Base; path = Base.lproj/LaunchScreen.storyboard; sourceTree = "<group>"; };
		ED93B7072952FEE400ECE422 /* Info.plist */ = {isa = PBXFileReference; lastKnownFileType = text.plist.xml; path = Info.plist; sourceTree = "<group>"; };
/* End PBXFileReference section */

/* Begin PBXFrameworksBuildPhase section */
		ED93B6F02952FEE300ECE422 /* Frameworks */ = {
			isa = PBXFrameworksBuildPhase;
			buildActionMask = 2147483647;
			files = (
			);
			runOnlyForDeploymentPostprocessing = 0;
		};
/* End PBXFrameworksBuildPhase section */

/* Begin PBXGroup section */
		ED93B6EA2952FEE300ECE422 = {
			isa = PBXGroup;
			children = (
				ED93B6F52952FEE300ECE422 /* ProjektManager */,
				ED93B6F42952FEE300ECE422 /* Products */,
			);
			sourceTree = "<group>";
		};
		ED93B6F42952FEE300ECE422 /* Products */ = {
			isa = PBXGroup;
			children = (
				ED93B6F32952FEE300ECE422 /* ProjektManager.app */,
			);
			name = Products;
			sourceTree = "<group>";
		};
		ED93B6F52952FEE300ECE422 /* ProjektManager */ = {
			isa = PBXGroup;
			children = (
				ED93B6F62952FEE300ECE422 /* AppDelegate.swift */,
				ED93B6F82952FEE300ECE422 /* SceneDelegate.swift */,
				ED93B6FA2952FEE300ECE422 /* ViewController.swift */,
				ED93B6FC2952FEE300ECE422 /* Main.storyboard */,
				ED93B7022952FEE400ECE422 /* Assets.xcassets */,
				ED93B7042952FEE400ECE422 /* LaunchScreen.storyboard */,
				ED93B7072952FEE400ECE422 /* Info.plist */,
				ED93B6FF2952FEE300ECE422 /* ProjektManager.xcdatamodeld */,
			);
			path = ProjektManager;
			sourceTree = "<group>";
		};
/* End PBXGroup section */

/* Begin PBXNativeTarget section */
		ED93B6F22952FEE300ECE422 /* ProjektManager */ = {
			isa = PBXNativeTarget;
			buildConfigurationList = ED93B70A2952FEE400ECE422 /* Build configuration list for PBXNativeTarget "ProjektManager" */;
			buildPhases = (
				ED93B6EF2952FEE300ECE422 /* Sources */,
				ED93B6F02952FEE300ECE422 /* Frameworks */,
				ED93B6F12952FEE300ECE422 /* Resources */,
			);
			buildRules = (
			);
			dependencies = (
			);
			name = ProjektManager;
			productName = ProjektManager;
			productReference = ED93B6F32952FEE300ECE422 /* ProjektManager.app */;
			productType = "com.apple.product-type.application";
		};
/* End PBXNativeTarget section */

/* Begin PBXProject section */
		ED93B6EB2952FEE300ECE422 /* Project object */ = {
			isa = PBXProject;
			attributes = {
				BuildIndependentTargetsInParallel = 1;
				LastSwiftUpdateCheck = 1420;
				LastUpgradeCheck = 1420;
				TargetAttributes = {
					ED93B6F22952FEE300ECE422 = {
						CreatedOnToolsVersion = 14.2;
					};
				};
			};
			buildConfigurationList = ED93B6EE2952FEE300ECE422 /* Build configuration list for PBXProject "ProjektManager" */;
			compatibilityVersion = "Xcode 14.0";
			developmentRegion = en;
			hasScannedForEncodings = 0;
			knownRegions = (
				en,
				Base,
			);
			mainGroup = ED93B6EA2952FEE300ECE422;
			productRefGroup = ED93B6F42952FEE300ECE422 /* Products */;
			projectDirPath = "";
			projectRoot = "";
			targets = (
				ED93B6F22952FEE300ECE422 /* ProjektManager */,
			);
		};
/* End PBXProject section */

/* Begin PBXResourcesBuildPhase section */
		ED93B6F12952FEE300ECE422 /* Resources */ = {
			isa = PBXResourcesBuildPhase;
			buildActionMask = 2147483647;
			files = (
				ED93B7062952FEE400ECE422 /* LaunchScreen.storyboard in Resources */,
				ED93B7032952FEE400ECE422 /* Assets.xcassets in Resources */,
				ED93B6FE2952FEE300ECE422 /* Main.storyboard in Resources */,
			);
			runOnlyForDeploymentPostprocessing = 0;
		};
/* End PBXResourcesBuildPhase section */

/* Begin PBXSourcesBuildPhase section */
		ED93B6EF2952FEE300ECE422 /* Sources */ = {
			isa = PBXSourcesBuildPhase;
			buildActionMask = 2147483647;
			files = (
				ED93B6FB2952FEE300ECE422 /* ViewController.swift in Sources */,
				ED93B7012952FEE300ECE422 /* ProjektManager.xcdatamodeld in Sources */,
				ED93B6F72952FEE300ECE422 /* AppDelegate.swift in Sources */,
				ED93B6F92952FEE300ECE422 /* SceneDelegate.swift in Sources */,
			);
			runOnlyForDeploymentPostprocessing = 0;
		};
/* End PBXSourcesBuildPhase section */

/* Begin PBXVariantGroup section */
		ED93B6FC2952FEE300ECE422 /* Main.storyboard */ = {
			isa = PBXVariantGroup;
			children = (
				ED93B6FD2952FEE300ECE422 /* Base */,
			);
			name = Main.storyboard;
			sourceTree = "<group>";
		};
		ED93B7042952FEE400ECE422 /* LaunchScreen.storyboard */ = {
			isa = PBXVariantGroup;
			children = (
				ED93B7052952FEE400ECE422 /* Base */,
			);
			name = LaunchScreen.storyboard;
			sourceTree = "<group>";
		};
/* End PBXVariantGroup section */

/* Begin XCBuildConfiguration section */
		ED93B7082952FEE400ECE422 /* Debug */ = {
			isa = XCBuildConfiguration;
			buildSettings = {
				ALWAYS_SEARCH_USER_PATHS = NO;
				CLANG_ANALYZER_NONNULL = YES;
				CLANG_ANALYZER_NUMBER_OBJECT_CONVERSION = YES_AGGRESSIVE;
				CLANG_CXX_LANGUAGE_STANDARD = "gnu++20";
				CLANG_ENABLE_MODULES = YES;
				CLANG_ENABLE_OBJC_ARC = YES;
				CLANG_ENABLE_OBJC_WEAK = YES;
				CLANG_WARN_BLOCK_CAPTURE_AUTORELEASING = YES;
				CLANG_WARN_BOOL_CONVERSION = YES;
				CLANG_WARN_COMMA = YES;
				CLANG_WARN_CONSTANT_CONVERSION = YES;
				CLANG_WARN_DEPRECATED_OBJC_IMPLEMENTATIONS = YES;
				CLANG_WARN_DIRECT_OBJC_ISA_USAGE = YES_ERROR;
				CLANG_WARN_DOCUMENTATION_COMMENTS = YES;
				CLANG_WARN_EMPTY_BODY = YES;
				CLANG_WARN_ENUM_CONVERSION = YES;
				CLANG_WARN_INFINITE_RECURSION = YES;
				CLANG_WARN_INT_CONVERSION = YES;
				CLANG_WARN_NON_LITERAL_NULL_CONVERSION = YES;
				CLANG_WARN_OBJC_IMPLICIT_RETAIN_SELF = YES;
				CLANG_WARN_OBJC_LITERAL_CONVERSION = YES;
				CLANG_WARN_OBJC_ROOT_CLASS = YES_ERROR;
				CLANG_WARN_QUOTED_INCLUDE_IN_FRAMEWORK_HEADER = YES;
				CLANG_WARN_RANGE_LOOP_ANALYSIS = YES;
				CLANG_WARN_STRICT_PROTOTYPES = YES;
				CLANG_WARN_SUSPICIOUS_MOVE = YES;
				CLANG_WARN_UNGUARDED_AVAILABILITY = YES_AGGRESSIVE;
				CLANG_WARN_UNREACHABLE_CODE = YES;
				CLANG_WARN__DUPLICATE_METHOD_MATCH = YES;
				COPY_PHASE_STRIP = NO;
				DEBUG_INFORMATION_FORMAT = dwarf;
				ENABLE_STRICT_OBJC_MSGSEND = YES;
				ENABLE_TESTABILITY = YES;
				GCC_C_LANGUAGE_STANDARD = gnu11;
				GCC_DYNAMIC_NO_PIC = NO;
				GCC_NO_COMMON_BLOCKS = YES;
				GCC_OPTIMIZATION_LEVEL = 0;
				GCC_PREPROCESSOR_DEFINITIONS = (
					"DEBUG=1",
					"$(inherited)",
				);
				GCC_WARN_64_TO_32_BIT_CONVERSION = YES;
				GCC_WARN_ABOUT_RETURN_TYPE = YES_ERROR;
				GCC_WARN_UNDECLARED_SELECTOR = YES;
				GCC_WARN_UNINITIALIZED_AUTOS = YES_AGGRESSIVE;
				GCC_WARN_UNUSED_FUNCTION = YES;
				GCC_WARN_UNUSED_VARIABLE = YES;
				IPHONEOS_DEPLOYMENT_TARGET = 16.2;
				MTL_ENABLE_DEBUG_INFO = INCLUDE_SOURCE;
				MTL_FAST_MATH = YES;
				ONLY_ACTIVE_ARCH = YES;
				SDKROOT = iphoneos;
				SWIFT_ACTIVE_COMPILATION_CONDITIONS = DEBUG;
				SWIFT_OPTIMIZATION_LEVEL = "-Onone";
			};
			name = Debug;
		};
		ED93B7092952FEE400ECE422 /* Release */ = {
			isa = XCBuildConfiguration;
			buildSettings = {
				ALWAYS_SEARCH_USER_PATHS = NO;
				CLANG_ANALYZER_NONNULL = YES;
				CLANG_ANALYZER_NUMBER_OBJECT_CONVERSION = YES_AGGRESSIVE;
				CLANG_CXX_LANGUAGE_STANDARD = "gnu++20";
				CLANG_ENABLE_MODULES = YES;
				CLANG_ENABLE_OBJC_ARC = YES;
				CLANG_ENABLE_OBJC_WEAK = YES;
				CLANG_WARN_BLOCK_CAPTURE_AUTORELEASING = YES;
				CLANG_WARN_BOOL_CONVERSION = YES;
				CLANG_WARN_COMMA = YES;
				CLANG_WARN_CONSTANT_CONVERSION = YES;
				CLANG_WARN_DEPRECATED_OBJC_IMPLEMENTATIONS = YES;
				CLANG_WARN_DIRECT_OBJC_ISA_USAGE = YES_ERROR;
				CLANG_WARN_DOCUMENTATION_COMMENTS = YES;
				CLANG_WARN_EMPTY_BODY = YES;
				CLANG_WARN_ENUM_CONVERSION = YES;
				CLANG_WARN_INFINITE_RECURSION = YES;
				CLANG_WARN_INT_CONVERSION = YES;
				CLANG_WARN_NON_LITERAL_NULL_CONVERSION = YES;
				CLANG_WARN_OBJC_IMPLICIT_RETAIN_SELF = YES;
				CLANG_WARN_OBJC_LITERAL_CONVERSION = YES;
				CLANG_WARN_OBJC_ROOT_CLASS = YES_ERROR;
				CLANG_WARN_QUOTED_INCLUDE_IN_FRAMEWORK_HEADER = YES;
				CLANG_WARN_RANGE_LOOP_ANALYSIS = YES;
				CLANG_WARN_STRICT_PROTOTYPES = YES;
				CLANG_WARN_SUSPICIOUS_MOVE = YES;
				CLANG_WARN_UNGUARDED_AVAILABILITY = YES_AGGRESSIVE;
				CLANG_WARN_UNREACHABLE_CODE = YES;
				CLANG_WARN__DUPLICATE_METHOD_MATCH = YES;
				COPY_PHASE_STRIP = NO;
				DEBUG_INFORMATION_FORMAT = "dwarf-with-dsym";
				ENABLE_NS_ASSERTIONS = NO;
				ENABLE_STRICT_OBJC_MSGSEND = YES;
				GCC_C_LANGUAGE_STANDARD = gnu11;
				GCC_NO_COMMON_BLOCKS = YES;
				GCC_WARN_64_TO_32_BIT_CONVERSION = YES;
				GCC_WARN_ABOUT_RETURN_TYPE = YES_ERROR;
				GCC_WARN_UNDECLARED_SELECTOR = YES;
				GCC_WARN_UNINITIALIZED_AUTOS = YES_AGGRESSIVE;
				GCC_WARN_UNUSED_FUNCTION = YES;
				GCC_WARN_UNUSED_VARIABLE = YES;
				IPHONEOS_DEPLOYMENT_TARGET = 16.2;
				MTL_ENABLE_DEBUG_INFO = NO;
				MTL_FAST_MATH = YES;
				SDKROOT = iphoneos;
				SWIFT_COMPILATION_MODE = wholemodule;
				SWIFT_OPTIMIZATION_LEVEL = "-O";
				VALIDATE_PRODUCT = YES;
			};
			name = Release;
		};
		ED93B70B2952FEE400ECE422 /* Debug */ = {
			isa = XCBuildConfiguration;
			buildSettings = {
				ASSETCATALOG_COMPILER_APPICON_NAME = AppIcon;
				ASSETCATALOG_COMPILER_GLOBAL_ACCENT_COLOR_NAME = AccentColor;
				CODE_SIGN_STYLE = Automatic;
				CURRENT_PROJECT_VERSION = 1;
				DEVELOPMENT_TEAM = 8LPWBB654G;
				GENERATE_INFOPLIST_FILE = YES;
				INFOPLIST_FILE = ProjektManager/Info.plist;
				INFOPLIST_KEY_UIApplicationSupportsIndirectInputEvents = YES;
				INFOPLIST_KEY_UILaunchStoryboardName = LaunchScreen;
				INFOPLIST_KEY_UIMainStoryboardFile = Main;
				INFOPLIST_KEY_UISupportedInterfaceOrientations_iPad = "UIInterfaceOrientationPortrait UIInterfaceOrientationPortraitUpsideDown UIInterfaceOrientationLandscapeLeft UIInterfaceOrientationLandscapeRight";
				INFOPLIST_KEY_UISupportedInterfaceOrientations_iPhone = "UIInterfaceOrientationPortrait UIInterfaceOrientationLandscapeLeft UIInterfaceOrientationLandscapeRight";
				LD_RUNPATH_SEARCH_PATHS = (
					"$(inherited)",
					"@executable_path/Frameworks",
				);
				MARKETING_VERSION = 1.0;
				PRODUCT_BUNDLE_IDENTIFIER = de.js.ProjektManager;
				PRODUCT_NAME = "$(TARGET_NAME)";
				SWIFT_EMIT_LOC_STRINGS = YES;
				SWIFT_VERSION = 5.0;
				TARGETED_DEVICE_FAMILY = "1,2";
			};
			name = Debug;
		};
		ED93B70C2952FEE400ECE422 /* Release */ = {
			isa = XCBuildConfiguration;
			buildSettings = {
				ASSETCATALOG_COMPILER_APPICON_NAME = AppIcon;
				ASSETCATALOG_COMPILER_GLOBAL_ACCENT_COLOR_NAME = AccentColor;
				CODE_SIGN_STYLE = Automatic;
				CURRENT_PROJECT_VERSION = 1;
				DEVELOPMENT_TEAM = 8LPWBB654G;
				GENERATE_INFOPLIST_FILE = YES;
				INFOPLIST_FILE = ProjektManager/Info.plist;
				INFOPLIST_KEY_UIApplicationSupportsIndirectInputEvents = YES;
				INFOPLIST_KEY_UILaunchStoryboardName = LaunchScreen;
				INFOPLIST_KEY_UIMainStoryboardFile = Main;
				INFOPLIST_KEY_UISupportedInterfaceOrientations_iPad = "UIInterfaceOrientationPortrait UIInterfaceOrientationPortraitUpsideDown UIInterfaceOrientationLandscapeLeft UIInterfaceOrientationLandscapeRight";
				INFOPLIST_KEY_UISupportedInterfaceOrientations_iPhone = "UIInterfaceOrientationPortrait UIInterfaceOrientationLandscapeLeft UIInterfaceOrientationLandscapeRight";
				LD_RUNPATH_SEARCH_PATHS = (
					"$(inherited)",
					"@executable_path/Frameworks",
				);
				MARKETING_VERSION = 1.0;
				PRODUCT_BUNDLE_IDENTIFIER = de.js.ProjektManager;
				PRODUCT_NAME = "$(TARGET_NAME)";
				SWIFT_EMIT_LOC_STRINGS = YES;
				SWIFT_VERSION = 5.0;
				TARGETED_DEVICE_FAMILY = "1,2";
			};
			name = Release;
		};
/* End XCBuildConfiguration section */

/* Begin XCConfigurationList section */
		ED93B6EE2952FEE300ECE422 /* Build configuration list for PBXProject "ProjektManager" */ = {
			isa = XCConfigurationList;
			buildConfigurations = (
				ED93B7082952FEE400ECE422 /* Debug */,
				ED93B7092952FEE400ECE422 /* Release */,
			);
			defaultConfigurationIsVisible = 0;
			defaultConfigurationName = Release;
		};
		ED93B70A2952FEE400ECE422 /* Build configuration list for PBXNativeTarget "ProjektManager" */ = {
			isa = XCConfigurationList;
			buildConfigurations = (
				ED93B70B2952FEE400ECE422 /* Debug */,
				ED93B70C2952FEE400ECE422 /* Release */,
			);
			defaultConfigurationIsVisible = 0;
			defaultConfigurationName = Release;
		};
/* End XCConfigurationList section */

/* Begin XCVersionGroup section */
		ED93B6FF2952FEE300ECE422 /* ProjektManager.xcdatamodeld */ = {
			isa = XCVersionGroup;
			children = (
				ED93B7002952FEE300ECE422 /* ProjektManager.xcdatamodel */,
			);
			currentVersion = ED93B7002952FEE300ECE422 /* ProjektManager.xcdatamodel */;
			path = ProjektManager.xcdatamodeld;
			sourceTree = "<group>";
			versionGroupType = wrapper.xcdatamodel;
		};
/* End XCVersionGroup section */
	};
	rootObject = ED93B6EB2952FEE300ECE422 /* Project object */;
}
